PODS:
  - KTScan/LBXNative (2.5.2):
    - LBXScan/Types (~> 2.2)
  - KTScan/LBXZXing (2.5.2):
    - LBXScan/Types (~> 2.2)
  - KTScan/UI (2.5.2):
    - LBXScan/Types (~> 2.2)
  - LBXScan/Types (2.5.1)
  - LBXZBarSDK (1.3.4)
  - Toast (4.0.0)

DEPENDENCIES:
  - KTScan/LBXNative (from `../`)
  - KTScan/LBXZXing (from `../`)
  - KTScan/UI (from `../`)
  - LBXZBarSDK (~> 1.3)
  - Toast (~> 4.0.0)

SPEC REPOS:
  trunk:
    - LBXScan
    - LBXZBarSDK
    - Toast

EXTERNAL SOURCES:
  KTScan:
    :path: "../"

SPEC CHECKSUMS:
  KTScan: edff76236c9a9102098e9b8fea9204d7dc9d973c
  LBXScan: 90ca10d0c38fb4a5a6980d7782354f3f69f50093
  LBXZBarSDK: e32ffa0db6e9da403c88316ed86ec19e2da4c532
  Toast: 91b396c56ee72a5790816f40d3a94dd357abc196

PODFILE CHECKSUM: 7a94d75977dde4098e8e3cbfdb2010703a7f44ae

COCOAPODS: 1.11.3
